// !$*UTF8*$!
{
	archiveVersion = 1;
	classes = {
	};
	objectVersion = 46;
	objects = {

/* Begin PBXBuildFile section */
		B831E6911D20530A002735CC /* BorderedButton.swift in Sources */ = {isa = PBXBuildFile; fileRef = B831E6901D20530A002735CC /* BorderedButton.swift */; };
		B841904D1D32A0D800385315 /* ParseConstants.swift in Sources */ = {isa = PBXBuildFile; fileRef = B841904C1D32A0D800385315 /* ParseConstants.swift */; };
		B841904F1D32A39000385315 /* StudentInformation.swift in Sources */ = {isa = PBXBuildFile; fileRef = B841904E1D32A39000385315 /* StudentInformation.swift */; };
		B84190511D32B16B00385315 /* ParseClient.swift in Sources */ = {isa = PBXBuildFile; fileRef = B84190501D32B16B00385315 /* ParseClient.swift */; };
		B8B1543C1D1ECB6100C23482 /* AppDelegate.swift in Sources */ = {isa = PBXBuildFile; fileRef = B8B1543B1D1ECB6100C23482 /* AppDelegate.swift */; };
		B8B1543E1D1ECB6100C23482 /* LoginViewController.swift in Sources */ = {isa = PBXBuildFile; fileRef = B8B1543D1D1ECB6100C23482 /* LoginViewController.swift */; };
		B8B154411D1ECB6100C23482 /* Main.storyboard in Resources */ = {isa = PBXBuildFile; fileRef = B8B1543F1D1ECB6100C23482 /* Main.storyboard */; };
		B8B154431D1ECB6100C23482 /* Assets.xcassets in Resources */ = {isa = PBXBuildFile; fileRef = B8B154421D1ECB6100C23482 /* Assets.xcassets */; };
		B8B154461D1ECB6100C23482 /* LaunchScreen.storyboard in Resources */ = {isa = PBXBuildFile; fileRef = B8B154441D1ECB6100C23482 /* LaunchScreen.storyboard */; };
		B8B154561D1ED46D00C23482 /* GCDBlackBox.swift in Sources */ = {isa = PBXBuildFile; fileRef = B8B154551D1ED46D00C23482 /* GCDBlackBox.swift */; };
		B8B154581D1ED4F900C23482 /* UdacityConstants.swift in Sources */ = {isa = PBXBuildFile; fileRef = B8B154571D1ED4F900C23482 /* UdacityConstants.swift */; };
		B8B1545A1D1ED51200C23482 /* UdacityClient.swift in Sources */ = {isa = PBXBuildFile; fileRef = B8B154591D1ED51200C23482 /* UdacityClient.swift */; };
		B8B1545C1D1ED7A300C23482 /* MapViewController.swift in Sources */ = {isa = PBXBuildFile; fileRef = B8B1545B1D1ED7A300C23482 /* MapViewController.swift */; };
		B8B154601D1ED7E500C23482 /* InformationPostingViewController.swift in Sources */ = {isa = PBXBuildFile; fileRef = B8B1545F1D1ED7E500C23482 /* InformationPostingViewController.swift */; };
		B8B154621D1ED81E00C23482 /* ListViewController.swift in Sources */ = {isa = PBXBuildFile; fileRef = B8B154611D1ED81E00C23482 /* ListViewController.swift */; };
		B8CE35951D4BBA9100EB4D48 /* BaseViewController.swift in Sources */ = {isa = PBXBuildFile; fileRef = B8CE35941D4BBA9100EB4D48 /* BaseViewController.swift */; };
		B8CE35971D4F7E9700EB4D48 /* UIColorExtension.swift in Sources */ = {isa = PBXBuildFile; fileRef = B8CE35961D4F7E9700EB4D48 /* UIColorExtension.swift */; };
		B8CE359C1D50F79900EB4D48 /* Roboto-Medium.ttf in Resources */ = {isa = PBXBuildFile; fileRef = B8CE35991D50F79900EB4D48 /* Roboto-Medium.ttf */; };
		B8CE359D1D50F79900EB4D48 /* Roboto-Regular.ttf in Resources */ = {isa = PBXBuildFile; fileRef = B8CE359A1D50F79900EB4D48 /* Roboto-Regular.ttf */; };
		B8CE359E1D50F79900EB4D48 /* Roboto-Thin.ttf in Resources */ = {isa = PBXBuildFile; fileRef = B8CE359B1D50F79900EB4D48 /* Roboto-Thin.ttf */; };
		B8D1C1A11D3E695600C3FB8A /* UIConstants.swift in Sources */ = {isa = PBXBuildFile; fileRef = B8D1C1A01D3E695600C3FB8A /* UIConstants.swift */; };
		B8F057A21D35199B00B11FAE /* ParseConvenience.swift in Sources */ = {isa = PBXBuildFile; fileRef = B8F057A11D35199B00B11FAE /* ParseConvenience.swift */; };
		B8F057A41D367E9400B11FAE /* UdacityConvenience.swift in Sources */ = {isa = PBXBuildFile; fileRef = B8F057A31D367E9400B11FAE /* UdacityConvenience.swift */; };
		CD3A8B61F49C40991C2694D7 /* Pods_On_The_Map.framework in Frameworks */ = {isa = PBXBuildFile; fileRef = 4E5592DD7CCB208D41DBC06B /* Pods_On_The_Map.framework */; };
/* End PBXBuildFile section */

/* Begin PBXFileReference section */
		17247E0123BFA6D65B4D8D58 /* Pods-On The Map.release.xcconfig */ = {isa = PBXFileReference; includeInIndex = 1; lastKnownFileType = text.xcconfig; name = "Pods-On The Map.release.xcconfig"; path = "Pods/Target Support Files/Pods-On The Map/Pods-On The Map.release.xcconfig"; sourceTree = "<group>"; };
		328C4CA543D09BD66D63BB47 /* Pods-On The Map.debug.xcconfig */ = {isa = PBXFileReference; includeInIndex = 1; lastKnownFileType = text.xcconfig; name = "Pods-On The Map.debug.xcconfig"; path = "Pods/Target Support Files/Pods-On The Map/Pods-On The Map.debug.xcconfig"; sourceTree = "<group>"; };
		4E5592DD7CCB208D41DBC06B /* Pods_On_The_Map.framework */ = {isa = PBXFileReference; explicitFileType = wrapper.framework; includeInIndex = 0; path = Pods_On_The_Map.framework; sourceTree = BUILT_PRODUCTS_DIR; };
		B831E6901D20530A002735CC /* BorderedButton.swift */ = {isa = PBXFileReference; fileEncoding = 4; lastKnownFileType = sourcecode.swift; path = BorderedButton.swift; sourceTree = "<group>"; };
		B841904C1D32A0D800385315 /* ParseConstants.swift */ = {isa = PBXFileReference; fileEncoding = 4; lastKnownFileType = sourcecode.swift; path = ParseConstants.swift; sourceTree = "<group>"; };
		B841904E1D32A39000385315 /* StudentInformation.swift */ = {isa = PBXFileReference; fileEncoding = 4; lastKnownFileType = sourcecode.swift; path = StudentInformation.swift; sourceTree = "<group>"; };
		B84190501D32B16B00385315 /* ParseClient.swift */ = {isa = PBXFileReference; fileEncoding = 4; lastKnownFileType = sourcecode.swift; path = ParseClient.swift; sourceTree = "<group>"; };
		B8B154381D1ECB6100C23482 /* On The Map.app */ = {isa = PBXFileReference; explicitFileType = wrapper.application; includeInIndex = 0; path = "On The Map.app"; sourceTree = BUILT_PRODUCTS_DIR; };
		B8B1543B1D1ECB6100C23482 /* AppDelegate.swift */ = {isa = PBXFileReference; lastKnownFileType = sourcecode.swift; path = AppDelegate.swift; sourceTree = "<group>"; };
		B8B1543D1D1ECB6100C23482 /* LoginViewController.swift */ = {isa = PBXFileReference; lastKnownFileType = sourcecode.swift; path = LoginViewController.swift; sourceTree = "<group>"; };
		B8B154401D1ECB6100C23482 /* Base */ = {isa = PBXFileReference; lastKnownFileType = file.storyboard; name = Base; path = Base.lproj/Main.storyboard; sourceTree = "<group>"; };
		B8B154421D1ECB6100C23482 /* Assets.xcassets */ = {isa = PBXFileReference; lastKnownFileType = folder.assetcatalog; path = Assets.xcassets; sourceTree = "<group>"; };
		B8B154451D1ECB6100C23482 /* Base */ = {isa = PBXFileReference; lastKnownFileType = file.storyboard; name = Base; path = Base.lproj/LaunchScreen.storyboard; sourceTree = "<group>"; };
		B8B154471D1ECB6100C23482 /* Info.plist */ = {isa = PBXFileReference; lastKnownFileType = text.plist.xml; path = Info.plist; sourceTree = "<group>"; };
		B8B154551D1ED46D00C23482 /* GCDBlackBox.swift */ = {isa = PBXFileReference; fileEncoding = 4; lastKnownFileType = sourcecode.swift; path = GCDBlackBox.swift; sourceTree = "<group>"; };
		B8B154571D1ED4F900C23482 /* UdacityConstants.swift */ = {isa = PBXFileReference; fileEncoding = 4; lastKnownFileType = sourcecode.swift; path = UdacityConstants.swift; sourceTree = "<group>"; };
		B8B154591D1ED51200C23482 /* UdacityClient.swift */ = {isa = PBXFileReference; fileEncoding = 4; lastKnownFileType = sourcecode.swift; path = UdacityClient.swift; sourceTree = "<group>"; };
		B8B1545B1D1ED7A300C23482 /* MapViewController.swift */ = {isa = PBXFileReference; fileEncoding = 4; lastKnownFileType = sourcecode.swift; path = MapViewController.swift; sourceTree = "<group>"; };
		B8B1545F1D1ED7E500C23482 /* InformationPostingViewController.swift */ = {isa = PBXFileReference; fileEncoding = 4; lastKnownFileType = sourcecode.swift; path = InformationPostingViewController.swift; sourceTree = "<group>"; };
		B8B154611D1ED81E00C23482 /* ListViewController.swift */ = {isa = PBXFileReference; fileEncoding = 4; lastKnownFileType = sourcecode.swift; path = ListViewController.swift; sourceTree = "<group>"; };
		B8CE35941D4BBA9100EB4D48 /* BaseViewController.swift */ = {isa = PBXFileReference; fileEncoding = 4; lastKnownFileType = sourcecode.swift; path = BaseViewController.swift; sourceTree = "<group>"; };
		B8CE35961D4F7E9700EB4D48 /* UIColorExtension.swift */ = {isa = PBXFileReference; fileEncoding = 4; lastKnownFileType = sourcecode.swift; path = UIColorExtension.swift; sourceTree = "<group>"; };
		B8CE35991D50F79900EB4D48 /* Roboto-Medium.ttf */ = {isa = PBXFileReference; lastKnownFileType = file; path = "Roboto-Medium.ttf"; sourceTree = "<group>"; };
		B8CE359A1D50F79900EB4D48 /* Roboto-Regular.ttf */ = {isa = PBXFileReference; lastKnownFileType = file; path = "Roboto-Regular.ttf"; sourceTree = "<group>"; };
		B8CE359B1D50F79900EB4D48 /* Roboto-Thin.ttf */ = {isa = PBXFileReference; lastKnownFileType = file; path = "Roboto-Thin.ttf"; sourceTree = "<group>"; };
		B8D1C1A01D3E695600C3FB8A /* UIConstants.swift */ = {isa = PBXFileReference; fileEncoding = 4; lastKnownFileType = sourcecode.swift; path = UIConstants.swift; sourceTree = "<group>"; };
		B8F057A11D35199B00B11FAE /* ParseConvenience.swift */ = {isa = PBXFileReference; fileEncoding = 4; lastKnownFileType = sourcecode.swift; path = ParseConvenience.swift; sourceTree = "<group>"; };
		B8F057A31D367E9400B11FAE /* UdacityConvenience.swift */ = {isa = PBXFileReference; fileEncoding = 4; lastKnownFileType = sourcecode.swift; path = UdacityConvenience.swift; sourceTree = "<group>"; };
/* End PBXFileReference section */

/* Begin PBXFrameworksBuildPhase section */
		B8B154351D1ECB6100C23482 /* Frameworks */ = {
			isa = PBXFrameworksBuildPhase;
			buildActionMask = 2147483647;
			files = (
				CD3A8B61F49C40991C2694D7 /* Pods_On_The_Map.framework in Frameworks */,
			);
			runOnlyForDeploymentPostprocessing = 0;
		};
/* End PBXFrameworksBuildPhase section */

/* Begin PBXGroup section */
		65048E20BBD8E599A34434D7 /* Pods */ = {
			isa = PBXGroup;
			children = (
				328C4CA543D09BD66D63BB47 /* Pods-On The Map.debug.xcconfig */,
				17247E0123BFA6D65B4D8D58 /* Pods-On The Map.release.xcconfig */,
			);
			name = Pods;
			sourceTree = "<group>";
		};
		96D40A3CA9F35EDCB58A70D3 /* Frameworks */ = {
			isa = PBXGroup;
			children = (
				4E5592DD7CCB208D41DBC06B /* Pods_On_The_Map.framework */,
			);
			name = Frameworks;
			sourceTree = "<group>";
		};
		B8B1542F1D1ECB6100C23482 = {
			isa = PBXGroup;
			children = (
				B8B1543A1D1ECB6100C23482 /* On The Map */,
				B8B154391D1ECB6100C23482 /* Products */,
				65048E20BBD8E599A34434D7 /* Pods */,
				96D40A3CA9F35EDCB58A70D3 /* Frameworks */,
			);
			sourceTree = "<group>";
		};
		B8B154391D1ECB6100C23482 /* Products */ = {
			isa = PBXGroup;
			children = (
				B8B154381D1ECB6100C23482 /* On The Map.app */,
			);
			name = Products;
			sourceTree = "<group>";
		};
		B8B1543A1D1ECB6100C23482 /* On The Map */ = {
			isa = PBXGroup;
			children = (
				B8CE35981D50F77E00EB4D48 /* Fonts */,
				B8B1543B1D1ECB6100C23482 /* AppDelegate.swift */,
				B8B154551D1ED46D00C23482 /* GCDBlackBox.swift */,
				B8CE35961D4F7E9700EB4D48 /* UIColorExtension.swift */,
				B8B154511D1ED0D600C23482 /* Supporting Files */,
				B8B154501D1ED0C900C23482 /* Assets */,
				B8B1544F1D1ED0B300C23482 /* Controller */,
				B8B1544E1D1ED0AB00C23482 /* View */,
				B8B1544D1D1ED09C00C23482 /* Model */,
			);
			path = "On The Map";
			sourceTree = "<group>";
		};
		B8B1544D1D1ED09C00C23482 /* Model */ = {
			isa = PBXGroup;
			children = (
				B8D1C1A01D3E695600C3FB8A /* UIConstants.swift */,
				B8B154521D1ED10D00C23482 /* Clients */,
			);
			name = Model;
			sourceTree = "<group>";
		};
		B8B1544E1D1ED0AB00C23482 /* View */ = {
			isa = PBXGroup;
			children = (
				B831E6901D20530A002735CC /* BorderedButton.swift */,
			);
			name = View;
			sourceTree = "<group>";
		};
		B8B1544F1D1ED0B300C23482 /* Controller */ = {
			isa = PBXGroup;
			children = (
				B8B1543D1D1ECB6100C23482 /* LoginViewController.swift */,
				B8B1545B1D1ED7A300C23482 /* MapViewController.swift */,
				B8B154611D1ED81E00C23482 /* ListViewController.swift */,
				B8CE35941D4BBA9100EB4D48 /* BaseViewController.swift */,
				B8B1545F1D1ED7E500C23482 /* InformationPostingViewController.swift */,
			);
			name = Controller;
			sourceTree = "<group>";
		};
		B8B154501D1ED0C900C23482 /* Assets */ = {
			isa = PBXGroup;
			children = (
				B8B1543F1D1ECB6100C23482 /* Main.storyboard */,
				B8B154421D1ECB6100C23482 /* Assets.xcassets */,
				B8B154441D1ECB6100C23482 /* LaunchScreen.storyboard */,
			);
			name = Assets;
			sourceTree = "<group>";
		};
		B8B154511D1ED0D600C23482 /* Supporting Files */ = {
			isa = PBXGroup;
			children = (
				B8B154471D1ECB6100C23482 /* Info.plist */,
			);
			name = "Supporting Files";
			sourceTree = "<group>";
		};
		B8B154521D1ED10D00C23482 /* Clients */ = {
			isa = PBXGroup;
			children = (
				B8B154541D1ED18200C23482 /* Parse */,
				B8B154531D1ED11700C23482 /* Udacity */,
			);
			name = Clients;
			sourceTree = "<group>";
		};
		B8B154531D1ED11700C23482 /* Udacity */ = {
			isa = PBXGroup;
			children = (
				B8B154571D1ED4F900C23482 /* UdacityConstants.swift */,
				B8B154591D1ED51200C23482 /* UdacityClient.swift */,
				B8F057A31D367E9400B11FAE /* UdacityConvenience.swift */,
			);
			name = Udacity;
			sourceTree = "<group>";
		};
		B8B154541D1ED18200C23482 /* Parse */ = {
			isa = PBXGroup;
			children = (
				B841904C1D32A0D800385315 /* ParseConstants.swift */,
				B84190501D32B16B00385315 /* ParseClient.swift */,
				B841904E1D32A39000385315 /* StudentInformation.swift */,
				B8F057A11D35199B00B11FAE /* ParseConvenience.swift */,
			);
			name = Parse;
			sourceTree = "<group>";
		};
		B8CE35981D50F77E00EB4D48 /* Fonts */ = {
			isa = PBXGroup;
			children = (
				B8CE35991D50F79900EB4D48 /* Roboto-Medium.ttf */,
				B8CE359A1D50F79900EB4D48 /* Roboto-Regular.ttf */,
				B8CE359B1D50F79900EB4D48 /* Roboto-Thin.ttf */,
			);
			name = Fonts;
			sourceTree = "<group>";
		};
/* End PBXGroup section */

/* Begin PBXNativeTarget section */
		B8B154371D1ECB6100C23482 /* On The Map */ = {
			isa = PBXNativeTarget;
			buildConfigurationList = B8B1544A1D1ECB6100C23482 /* Build configuration list for PBXNativeTarget "On The Map" */;
			buildPhases = (
				6578C13EA54CC5246DC62591 /* [CP] Check Pods Manifest.lock */,
				B8B154341D1ECB6100C23482 /* Sources */,
				B8B154351D1ECB6100C23482 /* Frameworks */,
				B8B154361D1ECB6100C23482 /* Resources */,
				5877E0C72EA34FB54786DBD2 /* [CP] Embed Pods Frameworks */,
				FCC7C5293382F00305F43200 /* [CP] Copy Pods Resources */,
			);
			buildRules = (
			);
			dependencies = (
			);
			name = "On The Map";
			productName = "On The Map";
			productReference = B8B154381D1ECB6100C23482 /* On The Map.app */;
			productType = "com.apple.product-type.application";
		};
/* End PBXNativeTarget section */

/* Begin PBXProject section */
		B8B154301D1ECB6100C23482 /* Project object */ = {
			isa = PBXProject;
			attributes = {
				LastSwiftUpdateCheck = 0730;
				LastUpgradeCheck = 0730;
				ORGANIZATIONNAME = "Ali Kayhan";
				TargetAttributes = {
					B8B154371D1ECB6100C23482 = {
						CreatedOnToolsVersion = 7.3.1;
						DevelopmentTeam = 4DCJNVKJCK;
					};
				};
			};
			buildConfigurationList = B8B154331D1ECB6100C23482 /* Build configuration list for PBXProject "On The Map" */;
			compatibilityVersion = "Xcode 3.2";
			developmentRegion = English;
			hasScannedForEncodings = 0;
			knownRegions = (
				en,
				Base,
			);
			mainGroup = B8B1542F1D1ECB6100C23482;
			productRefGroup = B8B154391D1ECB6100C23482 /* Products */;
			projectDirPath = "";
			projectRoot = "";
			targets = (
				B8B154371D1ECB6100C23482 /* On The Map */,
			);
		};
/* End PBXProject section */

/* Begin PBXResourcesBuildPhase section */
		B8B154361D1ECB6100C23482 /* Resources */ = {
			isa = PBXResourcesBuildPhase;
			buildActionMask = 2147483647;
			files = (
				B8CE359C1D50F79900EB4D48 /* Roboto-Medium.ttf in Resources */,
				B8B154461D1ECB6100C23482 /* LaunchScreen.storyboard in Resources */,
				B8CE359E1D50F79900EB4D48 /* Roboto-Thin.ttf in Resources */,
				B8CE359D1D50F79900EB4D48 /* Roboto-Regular.ttf in Resources */,
				B8B154431D1ECB6100C23482 /* Assets.xcassets in Resources */,
				B8B154411D1ECB6100C23482 /* Main.storyboard in Resources */,
			);
			runOnlyForDeploymentPostprocessing = 0;
		};
/* End PBXResourcesBuildPhase section */

/* Begin PBXShellScriptBuildPhase section */
		5877E0C72EA34FB54786DBD2 /* [CP] Embed Pods Frameworks */ = {
			isa = PBXShellScriptBuildPhase;
			buildActionMask = 2147483647;
			files = (
			);
			inputPaths = (
			);
			name = "[CP] Embed Pods Frameworks";
			outputPaths = (
			);
			runOnlyForDeploymentPostprocessing = 0;
			shellPath = /bin/sh;
			shellScript = "\"${SRCROOT}/Pods/Target Support Files/Pods-On The Map/Pods-On The Map-frameworks.sh\"\n";
			showEnvVarsInLog = 0;
		};
		6578C13EA54CC5246DC62591 /* [CP] Check Pods Manifest.lock */ = {
			isa = PBXShellScriptBuildPhase;
			buildActionMask = 2147483647;
			files = (
			);
			inputPaths = (
			);
			name = "[CP] Check Pods Manifest.lock";
			outputPaths = (
			);
			runOnlyForDeploymentPostprocessing = 0;
			shellPath = /bin/sh;
			shellScript = "diff \"${PODS_ROOT}/../Podfile.lock\" \"${PODS_ROOT}/Manifest.lock\" > /dev/null\nif [[ $? != 0 ]] ; then\n    cat << EOM\nerror: The sandbox is not in sync with the Podfile.lock. Run 'pod install' or update your CocoaPods installation.\nEOM\n    exit 1\nfi\n";
			showEnvVarsInLog = 0;
		};
		FCC7C5293382F00305F43200 /* [CP] Copy Pods Resources */ = {
			isa = PBXShellScriptBuildPhase;
			buildActionMask = 2147483647;
			files = (
			);
			inputPaths = (
			);
			name = "[CP] Copy Pods Resources";
			outputPaths = (
			);
			runOnlyForDeploymentPostprocessing = 0;
			shellPath = /bin/sh;
			shellScript = "\"${SRCROOT}/Pods/Target Support Files/Pods-On The Map/Pods-On The Map-resources.sh\"\n";
			showEnvVarsInLog = 0;
		};
/* End PBXShellScriptBuildPhase section */

/* Begin PBXSourcesBuildPhase section */
		B8B154341D1ECB6100C23482 /* Sources */ = {
			isa = PBXSourcesBuildPhase;
			buildActionMask = 2147483647;
			files = (
				B8CE35971D4F7E9700EB4D48 /* UIColorExtension.swift in Sources */,
				B8B1545A1D1ED51200C23482 /* UdacityClient.swift in Sources */,
				B8B154601D1ED7E500C23482 /* InformationPostingViewController.swift in Sources */,
				B8D1C1A11D3E695600C3FB8A /* UIConstants.swift in Sources */,
				B831E6911D20530A002735CC /* BorderedButton.swift in Sources */,
				B8CE35951D4BBA9100EB4D48 /* BaseViewController.swift in Sources */,
				B841904D1D32A0D800385315 /* ParseConstants.swift in Sources */,
				B8B1545C1D1ED7A300C23482 /* MapViewController.swift in Sources */,
				B8F057A41D367E9400B11FAE /* UdacityConvenience.swift in Sources */,
				B8B1543E1D1ECB6100C23482 /* LoginViewController.swift in Sources */,
				B84190511D32B16B00385315 /* ParseClient.swift in Sources */,
				B8B154581D1ED4F900C23482 /* UdacityConstants.swift in Sources */,
				B8F057A21D35199B00B11FAE /* ParseConvenience.swift in Sources */,
				B8B154561D1ED46D00C23482 /* GCDBlackBox.swift in Sources */,
				B8B154621D1ED81E00C23482 /* ListViewController.swift in Sources */,
				B8B1543C1D1ECB6100C23482 /* AppDelegate.swift in Sources */,
				B841904F1D32A39000385315 /* StudentInformation.swift in Sources */,
			);
			runOnlyForDeploymentPostprocessing = 0;
		};
/* End PBXSourcesBuildPhase section */

/* Begin PBXVariantGroup section */
		B8B1543F1D1ECB6100C23482 /* Main.storyboard */ = {
			isa = PBXVariantGroup;
			children = (
				B8B154401D1ECB6100C23482 /* Base */,
			);
			name = Main.storyboard;
			sourceTree = "<group>";
		};
		B8B154441D1ECB6100C23482 /* LaunchScreen.storyboard */ = {
			isa = PBXVariantGroup;
			children = (
				B8B154451D1ECB6100C23482 /* Base */,
			);
			name = LaunchScreen.storyboard;
			sourceTree = "<group>";
		};
/* End PBXVariantGroup section */

/* Begin XCBuildConfiguration section */
		B8B154481D1ECB6100C23482 /* Debug */ = {
			isa = XCBuildConfiguration;
			buildSettings = {
				ALWAYS_SEARCH_USER_PATHS = NO;
				CLANG_ANALYZER_NONNULL = YES;
				CLANG_CXX_LANGUAGE_STANDARD = "gnu++0x";
				CLANG_CXX_LIBRARY = "libc++";
				CLANG_ENABLE_MODULES = YES;
				CLANG_ENABLE_OBJC_ARC = YES;
				CLANG_WARN_BOOL_CONVERSION = YES;
				CLANG_WARN_CONSTANT_CONVERSION = YES;
				CLANG_WARN_DIRECT_OBJC_ISA_USAGE = YES_ERROR;
				CLANG_WARN_EMPTY_BODY = YES;
				CLANG_WARN_ENUM_CONVERSION = YES;
				CLANG_WARN_INT_CONVERSION = YES;
				CLANG_WARN_OBJC_ROOT_CLASS = YES_ERROR;
				CLANG_WARN_UNREACHABLE_CODE = YES;
				CLANG_WARN__DUPLICATE_METHOD_MATCH = YES;
				"CODE_SIGN_IDENTITY[sdk=iphoneos*]" = "iPhone Developer";
				COPY_PHASE_STRIP = NO;
				DEBUG_INFORMATION_FORMAT = dwarf;
				ENABLE_STRICT_OBJC_MSGSEND = YES;
				ENABLE_TESTABILITY = YES;
				GCC_C_LANGUAGE_STANDARD = gnu99;
				GCC_DYNAMIC_NO_PIC = NO;
				GCC_NO_COMMON_BLOCKS = YES;
				GCC_OPTIMIZATION_LEVEL = 0;
				GCC_PREPROCESSOR_DEFINITIONS = (
					"DEBUG=1",
					"$(inherited)",
				);
				GCC_WARN_64_TO_32_BIT_CONVERSION = YES;
				GCC_WARN_ABOUT_RETURN_TYPE = YES_ERROR;
				GCC_WARN_UNDECLARED_SELECTOR = YES;
				GCC_WARN_UNINITIALIZED_AUTOS = YES_AGGRESSIVE;
				GCC_WARN_UNUSED_FUNCTION = YES;
				GCC_WARN_UNUSED_VARIABLE = YES;
				IPHONEOS_DEPLOYMENT_TARGET = 9.3;
				MTL_ENABLE_DEBUG_INFO = YES;
				ONLY_ACTIVE_ARCH = YES;
				SDKROOT = iphoneos;
				SWIFT_OPTIMIZATION_LEVEL = "-Onone";
			};
			name = Debug;
		};
		B8B154491D1ECB6100C23482 /* Release */ = {
			isa = XCBuildConfiguration;
			buildSettings = {
				ALWAYS_SEARCH_USER_PATHS = NO;
				CLANG_ANALYZER_NONNULL = YES;
				CLANG_CXX_LANGUAGE_STANDARD = "gnu++0x";
				CLANG_CXX_LIBRARY = "libc++";
				CLANG_ENABLE_MODULES = YES;
				CLANG_ENABLE_OBJC_ARC = YES;
				CLANG_WARN_BOOL_CONVERSION = YES;
				CLANG_WARN_CONSTANT_CONVERSION = YES;
				CLANG_WARN_DIRECT_OBJC_ISA_USAGE = YES_ERROR;
				CLANG_WARN_EMPTY_BODY = YES;
				CLANG_WARN_ENUM_CONVERSION = YES;
				CLANG_WARN_INT_CONVERSION = YES;
				CLANG_WARN_OBJC_ROOT_CLASS = YES_ERROR;
				CLANG_WARN_UNREACHABLE_CODE = YES;
				CLANG_WARN__DUPLICATE_METHOD_MATCH = YES;
				"CODE_SIGN_IDENTITY[sdk=iphoneos*]" = "iPhone Developer";
				COPY_PHASE_STRIP = NO;
				DEBUG_INFORMATION_FORMAT = "dwarf-with-dsym";
				ENABLE_NS_ASSERTIONS = NO;
				ENABLE_STRICT_OBJC_MSGSEND = YES;
				GCC_C_LANGUAGE_STANDARD = gnu99;
				GCC_NO_COMMON_BLOCKS = YES;
				GCC_WARN_64_TO_32_BIT_CONVERSION = YES;
				GCC_WARN_ABOUT_RETURN_TYPE = YES_ERROR;
				GCC_WARN_UNDECLARED_SELECTOR = YES;
				GCC_WARN_UNINITIALIZED_AUTOS = YES_AGGRESSIVE;
				GCC_WARN_UNUSED_FUNCTION = YES;
				GCC_WARN_UNUSED_VARIABLE = YES;
				IPHONEOS_DEPLOYMENT_TARGET = 9.3;
				MTL_ENABLE_DEBUG_INFO = NO;
				SDKROOT = iphoneos;
				VALIDATE_PRODUCT = YES;
			};
			name = Release;
		};
		B8B1544B1D1ECB6100C23482 /* Debug */ = {
			isa = XCBuildConfiguration;
			baseConfigurationReference = 328C4CA543D09BD66D63BB47 /* Pods-On The Map.debug.xcconfig */;
			buildSettings = {
				ASSETCATALOG_COMPILER_APPICON_NAME = AppIcon;
				INFOPLIST_FILE = "On The Map/Info.plist";
				LD_RUNPATH_SEARCH_PATHS = "$(inherited) @executable_path/Frameworks";
				PRODUCT_BUNDLE_IDENTIFIER = "com.alikayhan.On-The-Map";
				PRODUCT_NAME = "$(TARGET_NAME)";
			};
			name = Debug;
		};
		B8B1544C1D1ECB6100C23482 /* Release */ = {
			isa = XCBuildConfiguration;
			baseConfigurationReference = 17247E0123BFA6D65B4D8D58 /* Pods-On The Map.release.xcconfig */;
			buildSettings = {
				ASSETCATALOG_COMPILER_APPICON_NAME = AppIcon;
				INFOPLIST_FILE = "On The Map/Info.plist";
				LD_RUNPATH_SEARCH_PATHS = "$(inherited) @executable_path/Frameworks";
				PRODUCT_BUNDLE_IDENTIFIER = "com.alikayhan.On-The-Map";
				PRODUCT_NAME = "$(TARGET_NAME)";
			};
			name = Release;
		};
/* End XCBuildConfiguration section */

/* Begin XCConfigurationList section */
		B8B154331D1ECB6100C23482 /* Build configuration list for PBXProject "On The Map" */ = {
			isa = XCConfigurationList;
			buildConfigurations = (
				B8B154481D1ECB6100C23482 /* Debug */,
				B8B154491D1ECB6100C23482 /* Release */,
			);
			defaultConfigurationIsVisible = 0;
			defaultConfigurationName = Release;
		};
		B8B1544A1D1ECB6100C23482 /* Build configuration list for PBXNativeTarget "On The Map" */ = {
			isa = XCConfigurationList;
			buildConfigurations = (
				B8B1544B1D1ECB6100C23482 /* Debug */,
				B8B1544C1D1ECB6100C23482 /* Release */,
			);
			defaultConfigurationIsVisible = 0;
			defaultConfigurationName = Release;
		};
/* End XCConfigurationList section */
	};
	rootObject = B8B154301D1ECB6100C23482 /* Project object */;
}
